
Microsoft Visual Studio Solution File, Format Version 12.00
# Visual Studio Version 16
VisualStudioVersion = 16.0.31624.102
MinimumVisualStudioVersion = 10.0.40219.1
Project("{8BC9CEB8-8B4A-11D0-8D11-00A0C91BC942}") = "cacheHit", "C0714\C0714.vcxproj", "{0A32B4ED-A2D7-4927-8E73-47AA54AAB14B}"
EndProject
Project("{8BC9CEB8-8B4A-11D0-8D11-00A0C91BC942}") = "inheritance", "inheritance\inheritance.vcxproj", "{6F0CC26A-F347-4E56-AA89-B2D1FFF6DA43}"
EndProject
Global
	GlobalSection(SolutionConfigurationPlatforms) = preSolution
		Debug|x64 = Debug|x64
		Debug|x86 = Debug|x86
		Release|x64 = Release|x64
		Release|x86 = Release|x86
	EndGlobalSection
	GlobalSection(ProjectConfigurationPlatforms) = postSolution
		{0A32B4ED-A2D7-4927-8E73-47AA54AAB14B}.Debug|x64.ActiveCfg = Debug|x64
		{0A32B4ED-A2D7-4927-8E73-47AA54AAB14B}.Debug|x64.Build.0 = Debug|x64
		{0A32B4ED-A2D7-4927-8E73-47AA54AAB14B}.Debug|x86.ActiveCfg = Debug|Win32
		{0A32B4ED-A2D7-4927-8E73-47AA54AAB14B}.Debug|x86.Build.0 = Debug|Win32
		{0A32B4ED-A2D7-4927-8E73-47AA54AAB14B}.Release|x64.ActiveCfg = Release|x64
		{0A32B4ED-A2D7-4927-8E73-47AA54AAB14B}.Release|x64.Build.0 = Release|x64
		{0A32B4ED-A2D7-4927-8E73-47AA54AAB14B}.Release|x86.ActiveCfg = Release|Win32
		{0A32B4ED-A2D7-4927-8E73-47AA54AAB14B}.Release|x86.Build.0 = Release|Win32
		{6F0CC26A-F347-4E56-AA89-B2D1FFF6DA43}.Debug|x64.ActiveCfg = Debug|x64
		{6F0CC26A-F347-4E56-AA89-B2D1FFF6DA43}.Debug|x64.Build.0 = Debug|x64
		{6F0CC26A-F347-4E56-AA89-B2D1FFF6DA43}.Debug|x86.ActiveCfg = Debug|Win32
		{6F0CC26A-F347-4E56-AA89-B2D1FFF6DA43}.Debug|x86.Build.0 = Debug|Win32
		{6F0CC26A-F347-4E56-AA89-B2D1FFF6DA43}.Release|x64.ActiveCfg = Release|x64
		{6F0CC26A-F347-4E56-AA89-B2D1FFF6DA43}.Release|x64.Build.0 = Release|x64
		{6F0CC26A-F347-4E56-AA89-B2D1FFF6DA43}.Release|x86.ActiveCfg = Release|Win32
		{6F0CC26A-F347-4E56-AA89-B2D1FFF6DA43}.Release|x86.Build.0 = Release|Win32
	EndGlobalSection
	GlobalSection(SolutionProperties) = preSolution
		HideSolutionNode = FALSE
	EndGlobalSection
	GlobalSection(ExtensibilityGlobals) = postSolution
		SolutionGuid = {BBAE2CC2-4D0B-4A46-901A-2491AFC11D94}
	EndGlobalSection
EndGlobal
